{
    "version": 3,
    "terraform_version": "0.11.7",
    "serial": 4,
    "lineage": "b21c8a28-7440-7146-7acf-247f12076d7c",
    "modules": [
        {
            "path": [
                "root"
            ],
            "outputs": {},
            "resources": {
                "aws_default_route_table.Private_Route_Table": {
                    "type": "aws_default_route_table",
                    "depends_on": [
                        "aws_nat_gateway.Private_NAT",
                        "aws_vpc.VPC"
                    ],
                    "primary": {
                        "id": "rtb-048dd6a35c433fa8b",
                        "attributes": {
                            "default_route_table_id": "rtb-048dd6a35c433fa8b",
                            "id": "rtb-048dd6a35c433fa8b",
                            "propagating_vgws.#": "0",
                            "route.#": "1",
                            "route.2734326941.cidr_block": "0.0.0.0/0",
                            "route.2734326941.egress_only_gateway_id": "",
                            "route.2734326941.gateway_id": "",
                            "route.2734326941.instance_id": "",
                            "route.2734326941.ipv6_cidr_block": "",
                            "route.2734326941.nat_gateway_id": "nat-033c2d61d801886cf",
                            "route.2734326941.network_interface_id": "",
                            "route.2734326941.vpc_peering_connection_id": "",
                            "tags.%": "1",
                            "tags.Name": "Private Route",
                            "vpc_id": "vpc-0d584c7fc473ae155"
                        },
                        "meta": {},
                        "tainted": false
                    },
                    "deposed": [],
                    "provider": "provider.aws"
                },
                "aws_eip.publicIP": {
                    "type": "aws_eip",
                    "depends_on": [],
                    "primary": {
                        "id": "eipalloc-0cbc83628bd85610b",
                        "attributes": {
                            "association_id": "",
                            "domain": "vpc",
                            "id": "eipalloc-0cbc83628bd85610b",
                            "instance": "",
                            "network_interface": "",
                            "private_ip": "",
                            "public_ip": "34.247.4.4",
                            "tags.%": "0",
                            "vpc": "true"
                        },
                        "meta": {
                            "e2bfb730-ecaa-11e6-8f88-34363bc7c4c0": {
                                "delete": 180000000000,
                                "read": 900000000000,
                                "update": 300000000000
                            }
                        },
                        "tainted": false
                    },
                    "deposed": [],
                    "provider": "provider.aws"
                },
                "aws_internet_gateway.Internet_gateway": {
                    "type": "aws_internet_gateway",
                    "depends_on": [
                        "aws_vpc.VPC"
                    ],
                    "primary": {
                        "id": "igw-06299e698200fbf78",
                        "attributes": {
                            "id": "igw-06299e698200fbf78",
                            "tags.%": "1",
                            "tags.Name": "igw",
                            "vpc_id": "vpc-0d584c7fc473ae155"
                        },
                        "meta": {},
                        "tainted": false
                    },
                    "deposed": [],
                    "provider": "provider.aws"
                },
                "aws_nat_gateway.Private_NAT": {
                    "type": "aws_nat_gateway",
                    "depends_on": [
                        "aws_eip.publicIP",
                        "aws_subnet.Public_Subnet_1A"
                    ],
                    "primary": {
                        "id": "nat-033c2d61d801886cf",
                        "attributes": {
                            "allocation_id": "eipalloc-0cbc83628bd85610b",
                            "id": "nat-033c2d61d801886cf",
                            "network_interface_id": "eni-0e4587b15a1f507e5",
                            "private_ip": "172.217.1.41",
                            "public_ip": "34.247.4.4",
                            "subnet_id": "subnet-09ca120d06005a0fb",
                            "tags.%": "1",
                            "tags.Name": "Private NAT"
                        },
                        "meta": {},
                        "tainted": false
                    },
                    "deposed": [],
                    "provider": "provider.aws"
                },
                "aws_route_table.Public_Route_Table": {
                    "type": "aws_route_table",
                    "depends_on": [
                        "aws_internet_gateway.Internet_gateway",
                        "aws_vpc.VPC"
                    ],
                    "primary": {
                        "id": "rtb-08ce5d170a7474b80",
                        "attributes": {
                            "id": "rtb-08ce5d170a7474b80",
                            "propagating_vgws.#": "0",
                            "route.#": "1",
                            "route.4191683726.cidr_block": "0.0.0.0/0",
                            "route.4191683726.egress_only_gateway_id": "",
                            "route.4191683726.gateway_id": "igw-06299e698200fbf78",
                            "route.4191683726.instance_id": "",
                            "route.4191683726.ipv6_cidr_block": "",
                            "route.4191683726.nat_gateway_id": "",
                            "route.4191683726.network_interface_id": "",
                            "route.4191683726.vpc_peering_connection_id": "",
                            "tags.%": "1",
                            "tags.Name": "Public Route",
                            "vpc_id": "vpc-0d584c7fc473ae155"
                        },
                        "meta": {},
                        "tainted": false
                    },
                    "deposed": [],
                    "provider": "provider.aws"
                },
                "aws_route_table_association.Jenkins": {
                    "type": "aws_route_table_association",
                    "depends_on": [
                        "aws_default_route_table.Private_Route_Table",
                        "aws_subnet.Private_Subnet_1A"
                    ],
                    "primary": {
                        "id": "rtbassoc-0f68715da51bd3aaa",
                        "attributes": {
                            "id": "rtbassoc-0f68715da51bd3aaa",
                            "route_table_id": "rtb-048dd6a35c433fa8b",
                            "subnet_id": "subnet-0afc970b00b30498b"
                        },
                        "meta": {},
                        "tainted": false
                    },
                    "deposed": [],
                    "provider": "provider.aws"
                },
                "aws_route_table_association.bastion_route": {
                    "type": "aws_route_table_association",
                    "depends_on": [
                        "aws_route_table.Public_Route_Table",
                        "aws_subnet.Public_Subnet_1A"
                    ],
                    "primary": {
                        "id": "rtbassoc-02388bddbb5be2a03",
                        "attributes": {
                            "id": "rtbassoc-02388bddbb5be2a03",
                            "route_table_id": "rtb-08ce5d170a7474b80",
                            "subnet_id": "subnet-09ca120d06005a0fb"
                        },
                        "meta": {},
                        "tainted": false
                    },
                    "deposed": [],
                    "provider": "provider.aws"
                },
                "aws_security_group.Bastion_Security_Group": {
                    "type": "aws_security_group",
                    "depends_on": [
                        "aws_vpc.VPC"
                    ],
                    "primary": {
                        "id": "sg-0e981549347dbf69a",
                        "attributes": {
                            "arn": "arn:aws:ec2:eu-west-1:243945632365:security-group/sg-0e981549347dbf69a",
                            "description": "Access to Bastion Host",
                            "egress.#": "1",
                            "egress.482069346.cidr_blocks.#": "1",
                            "egress.482069346.cidr_blocks.0": "0.0.0.0/0",
                            "egress.482069346.description": "",
                            "egress.482069346.from_port": "0",
                            "egress.482069346.ipv6_cidr_blocks.#": "0",
                            "egress.482069346.prefix_list_ids.#": "0",
                            "egress.482069346.protocol": "-1",
                            "egress.482069346.security_groups.#": "0",
                            "egress.482069346.self": "false",
                            "egress.482069346.to_port": "0",
                            "id": "sg-0e981549347dbf69a",
                            "ingress.#": "1",
                            "ingress.643656186.cidr_blocks.#": "2",
                            "ingress.643656186.cidr_blocks.0": "109.255.202.102/32",
                            "ingress.643656186.cidr_blocks.1": "109.255.202.101/32",
                            "ingress.643656186.description": "",
                            "ingress.643656186.from_port": "22",
                            "ingress.643656186.ipv6_cidr_blocks.#": "0",
                            "ingress.643656186.protocol": "tcp",
                            "ingress.643656186.security_groups.#": "0",
                            "ingress.643656186.self": "false",
                            "ingress.643656186.to_port": "22",
                            "name": "Bastion_SG",
                            "owner_id": "243945632365",
                            "revoke_rules_on_delete": "false",
                            "tags.%": "0",
                            "vpc_id": "vpc-0d584c7fc473ae155"
                        },
                        "meta": {
                            "e2bfb730-ecaa-11e6-8f88-34363bc7c4c0": {
                                "create": 600000000000,
                                "delete": 600000000000
                            },
                            "schema_version": "1"
                        },
                        "tainted": false
                    },
                    "deposed": [],
                    "provider": "provider.aws"
                },
                "aws_security_group.Jenkins_Security_Group": {
                    "type": "aws_security_group",
                    "depends_on": [
                        "aws_vpc.VPC"
                    ],
                    "primary": {
                        "id": "sg-08b053c5356ccffda",
                        "attributes": {
                            "arn": "arn:aws:ec2:eu-west-1:243945632365:security-group/sg-08b053c5356ccffda",
                            "description": "Used for Jenkins EC2 Instnace",
                            "egress.#": "1",
                            "egress.482069346.cidr_blocks.#": "1",
                            "egress.482069346.cidr_blocks.0": "0.0.0.0/0",
                            "egress.482069346.description": "",
                            "egress.482069346.from_port": "0",
                            "egress.482069346.ipv6_cidr_blocks.#": "0",
                            "egress.482069346.prefix_list_ids.#": "0",
                            "egress.482069346.protocol": "-1",
                            "egress.482069346.security_groups.#": "0",
                            "egress.482069346.self": "false",
                            "egress.482069346.to_port": "0",
                            "id": "sg-08b053c5356ccffda",
                            "ingress.#": "2",
                            "ingress.2302185460.cidr_blocks.#": "2",
                            "ingress.2302185460.cidr_blocks.0": "172.217.1.0/24",
                            "ingress.2302185460.cidr_blocks.1": "172.217.2.0/24",
                            "ingress.2302185460.description": "",
                            "ingress.2302185460.from_port": "22",
                            "ingress.2302185460.ipv6_cidr_blocks.#": "0",
                            "ingress.2302185460.protocol": "tcp",
                            "ingress.2302185460.security_groups.#": "0",
                            "ingress.2302185460.self": "false",
                            "ingress.2302185460.to_port": "22",
                            "ingress.2878460147.cidr_blocks.#": "2",
                            "ingress.2878460147.cidr_blocks.0": "109.255.202.102/32",
                            "ingress.2878460147.cidr_blocks.1": "109.255.202.101/32",
                            "ingress.2878460147.description": "",
                            "ingress.2878460147.from_port": "8080",
                            "ingress.2878460147.ipv6_cidr_blocks.#": "0",
                            "ingress.2878460147.protocol": "tcp",
                            "ingress.2878460147.security_groups.#": "0",
                            "ingress.2878460147.self": "false",
                            "ingress.2878460147.to_port": "8080",
                            "name": "Jenkins Security Groupe",
                            "owner_id": "243945632365",
                            "revoke_rules_on_delete": "false",
                            "tags.%": "0",
                            "vpc_id": "vpc-0d584c7fc473ae155"
                        },
                        "meta": {
                            "e2bfb730-ecaa-11e6-8f88-34363bc7c4c0": {
                                "create": 600000000000,
                                "delete": 600000000000
                            },
                            "schema_version": "1"
                        },
                        "tainted": false
                    },
                    "deposed": [],
                    "provider": "provider.aws"
                },
                "aws_security_group.Private_Web": {
                    "type": "aws_security_group",
                    "depends_on": [
                        "aws_vpc.VPC"
                    ],
                    "primary": {
                        "id": "sg-06eeecd1614b25770",
                        "attributes": {
                            "arn": "arn:aws:ec2:eu-west-1:243945632365:security-group/sg-06eeecd1614b25770",
                            "description": "Used for the ELB for public Access",
                            "egress.#": "1",
                            "egress.482069346.cidr_blocks.#": "1",
                            "egress.482069346.cidr_blocks.0": "0.0.0.0/0",
                            "egress.482069346.description": "",
                            "egress.482069346.from_port": "0",
                            "egress.482069346.ipv6_cidr_blocks.#": "0",
                            "egress.482069346.prefix_list_ids.#": "0",
                            "egress.482069346.protocol": "-1",
                            "egress.482069346.security_groups.#": "0",
                            "egress.482069346.self": "false",
                            "egress.482069346.to_port": "0",
                            "id": "sg-06eeecd1614b25770",
                            "ingress.#": "2",
                            "ingress.2302185460.cidr_blocks.#": "2",
                            "ingress.2302185460.cidr_blocks.0": "172.217.1.0/24",
                            "ingress.2302185460.cidr_blocks.1": "172.217.2.0/24",
                            "ingress.2302185460.description": "",
                            "ingress.2302185460.from_port": "22",
                            "ingress.2302185460.ipv6_cidr_blocks.#": "0",
                            "ingress.2302185460.protocol": "tcp",
                            "ingress.2302185460.security_groups.#": "0",
                            "ingress.2302185460.self": "false",
                            "ingress.2302185460.to_port": "22",
                            "ingress.3580221297.cidr_blocks.#": "2",
                            "ingress.3580221297.cidr_blocks.0": "172.217.1.0/24",
                            "ingress.3580221297.cidr_blocks.1": "172.217.2.0/24",
                            "ingress.3580221297.description": "",
                            "ingress.3580221297.from_port": "4505",
                            "ingress.3580221297.ipv6_cidr_blocks.#": "0",
                            "ingress.3580221297.protocol": "tcp",
                            "ingress.3580221297.security_groups.#": "0",
                            "ingress.3580221297.self": "false",
                            "ingress.3580221297.to_port": "4506",
                            "name": "Dublin_public_SG",
                            "owner_id": "243945632365",
                            "revoke_rules_on_delete": "false",
                            "tags.%": "0",
                            "vpc_id": "vpc-0d584c7fc473ae155"
                        },
                        "meta": {
                            "e2bfb730-ecaa-11e6-8f88-34363bc7c4c0": {
                                "create": 600000000000,
                                "delete": 600000000000
                            },
                            "schema_version": "1"
                        },
                        "tainted": false
                    },
                    "deposed": [],
                    "provider": "provider.aws"
                },
                "aws_subnet.Private_Subnet_1A": {
                    "type": "aws_subnet",
                    "depends_on": [
                        "aws_vpc.VPC",
                        "data.aws_availability_zones.available"
                    ],
                    "primary": {
                        "id": "subnet-0afc970b00b30498b",
                        "attributes": {
                            "assign_ipv6_address_on_creation": "false",
                            "availability_zone": "eu-west-1a",
                            "cidr_block": "172.217.3.0/24",
                            "id": "subnet-0afc970b00b30498b",
                            "map_public_ip_on_launch": "false",
                            "tags.%": "1",
                            "tags.Name": "Private_Subnet_1A",
                            "vpc_id": "vpc-0d584c7fc473ae155"
                        },
                        "meta": {
                            "schema_version": "1"
                        },
                        "tainted": false
                    },
                    "deposed": [],
                    "provider": "provider.aws"
                },
                "aws_subnet.Public_Subnet_1A": {
                    "type": "aws_subnet",
                    "depends_on": [
                        "aws_vpc.VPC",
                        "data.aws_availability_zones.available"
                    ],
                    "primary": {
                        "id": "subnet-09ca120d06005a0fb",
                        "attributes": {
                            "assign_ipv6_address_on_creation": "false",
                            "availability_zone": "eu-west-1a",
                            "cidr_block": "172.217.1.0/24",
                            "id": "subnet-09ca120d06005a0fb",
                            "map_public_ip_on_launch": "true",
                            "tags.%": "1",
                            "tags.Name": "Public_Subnet_1A",
                            "vpc_id": "vpc-0d584c7fc473ae155"
                        },
                        "meta": {
                            "schema_version": "1"
                        },
                        "tainted": false
                    },
                    "deposed": [],
                    "provider": "provider.aws"
                },
                "aws_subnet.Public_Subnet_1C": {
                    "type": "aws_subnet",
                    "depends_on": [
                        "aws_vpc.VPC",
                        "data.aws_availability_zones.available"
                    ],
                    "primary": {
                        "id": "subnet-0ad32cc1ce751e8d5",
                        "attributes": {
                            "assign_ipv6_address_on_creation": "false",
                            "availability_zone": "eu-west-1b",
                            "cidr_block": "172.217.2.0/24",
                            "id": "subnet-0ad32cc1ce751e8d5",
                            "map_public_ip_on_launch": "true",
                            "tags.%": "1",
                            "tags.Name": "Public_Subnet_1C",
                            "vpc_id": "vpc-0d584c7fc473ae155"
                        },
                        "meta": {
                            "schema_version": "1"
                        },
                        "tainted": false
                    },
                    "deposed": [],
                    "provider": "provider.aws"
                },
                "aws_vpc.VPC": {
                    "type": "aws_vpc",
                    "depends_on": [],
                    "primary": {
                        "id": "vpc-0d584c7fc473ae155",
                        "attributes": {
                            "assign_generated_ipv6_cidr_block": "false",
                            "cidr_block": "172.217.0.0/16",
                            "default_network_acl_id": "acl-0c290070615dbd82d",
                            "default_route_table_id": "rtb-048dd6a35c433fa8b",
                            "default_security_group_id": "sg-0d9d07cc209aa0bc0",
                            "dhcp_options_id": "dopt-e5c26a83",
                            "enable_classiclink": "false",
                            "enable_classiclink_dns_support": "false",
                            "enable_dns_hostnames": "true",
                            "enable_dns_support": "true",
                            "id": "vpc-0d584c7fc473ae155",
                            "instance_tenancy": "default",
                            "main_route_table_id": "rtb-048dd6a35c433fa8b",
                            "tags.%": "1",
                            "tags.Name": "Jenkins Deployment"
                        },
                        "meta": {
                            "schema_version": "1"
                        },
                        "tainted": false
                    },
                    "deposed": [],
                    "provider": "provider.aws"
                },
                "aws_vpc_endpoint.S3_Endpoint": {
                    "type": "aws_vpc_endpoint",
                    "depends_on": [
                        "aws_route_table.Public_Route_Table",
                        "aws_vpc.VPC"
                    ],
                    "primary": {
                        "id": "vpce-075690b8fa04eadab",
                        "attributes": {
                            "cidr_blocks.#": "2",
                            "cidr_blocks.0": "52.218.0.0/17",
                            "cidr_blocks.1": "54.231.128.0/19",
                            "dns_entry.#": "0",
                            "id": "vpce-075690b8fa04eadab",
                            "network_interface_ids.#": "0",
                            "policy": "{\"Statement\":[{\"Action\":\"*\",\"Effect\":\"Allow\",\"Principal\":\"*\",\"Resource\":\"*\"}],\"Version\":\"2008-10-17\"}",
                            "prefix_list_id": "pl-6da54004",
                            "private_dns_enabled": "false",
                            "route_table_ids.#": "2",
                            "route_table_ids.3656939662": "rtb-08ce5d170a7474b80",
                            "route_table_ids.4048148666": "rtb-048dd6a35c433fa8b",
                            "security_group_ids.#": "0",
                            "service_name": "com.amazonaws.eu-west-1.s3",
                            "state": "available",
                            "subnet_ids.#": "0",
                            "vpc_endpoint_type": "Gateway",
                            "vpc_id": "vpc-0d584c7fc473ae155"
                        },
                        "meta": {
                            "e2bfb730-ecaa-11e6-8f88-34363bc7c4c0": {
                                "create": 600000000000,
                                "delete": 600000000000,
                                "update": 600000000000
                            }
                        },
                        "tainted": false
                    },
                    "deposed": [],
                    "provider": "provider.aws"
                },
                "data.aws_availability_zones.available": {
                    "type": "aws_availability_zones",
                    "depends_on": [],
                    "primary": {
                        "id": "2018-07-26 21:44:30.369355 +0000 UTC",
                        "attributes": {
                            "id": "2018-07-26 21:44:30.369355 +0000 UTC",
                            "names.#": "3",
                            "names.0": "eu-west-1a",
                            "names.1": "eu-west-1b",
                            "names.2": "eu-west-1c"
                        },
                        "meta": {},
                        "tainted": false
                    },
                    "deposed": [],
                    "provider": "provider.aws"
                },
                "random_id.random": {
                    "type": "random_id",
                    "depends_on": [],
                    "primary": {
                        "id": "uVLp0W9a",
                        "attributes": {
                            "b64": "uVLp0W9a",
                            "b64_std": "uVLp0W9a",
                            "b64_url": "uVLp0W9a",
                            "byte_length": "6",
                            "dec": "203765761273690",
                            "hex": "b952e9d16f5a",
                            "id": "uVLp0W9a"
                        },
                        "meta": {},
                        "tainted": false
                    },
                    "deposed": [],
                    "provider": "provider.random"
                }
            },
            "depends_on": []
        }
    ]
}
